
Microsoft Visual Studio Solution File, Format Version 12.00
# Visual Studio Version 17
VisualStudioVersion = 17.12.35514.174
MinimumVisualStudioVersion = 10.0.40219.1
Project("{FAE04EC0-301F-11D3-BF4B-00C04F79EFBC}") = "project_N", "project_N.csproj", "{29E6AFA1-C425-4D70-A44A-ED71616F340E}"
EndProject
Project("{FAE04EC0-301F-11D3-BF4B-00C04F79EFBC}") = "UnitTestProject_1", "..\UnitTestProject_1\UnitTestProject_1.csproj", "{7C3B429C-AFC3-4880-9000-4F10B6E4A9DF}"
EndProject
Global
	GlobalSection(SolutionConfigurationPlatforms) = preSolution
		Debug|Any CPU = Debug|Any CPU
		Release|Any CPU = Release|Any CPU
	EndGlobalSection
	GlobalSection(ProjectConfigurationPlatforms) = postSolution
		{29E6AFA1-C425-4D70-A44A-ED71616F340E}.Debug|Any CPU.ActiveCfg = Debug|Any CPU
		{29E6AFA1-C425-4D70-A44A-ED71616F340E}.Debug|Any CPU.Build.0 = Debug|Any CPU
		{29E6AFA1-C425-4D70-A44A-ED71616F340E}.Release|Any CPU.ActiveCfg = Release|Any CPU
		{29E6AFA1-C425-4D70-A44A-ED71616F340E}.Release|Any CPU.Build.0 = Release|Any CPU
		{7C3B429C-AFC3-4880-9000-4F10B6E4A9DF}.Debug|Any CPU.ActiveCfg = Debug|Any CPU
		{7C3B429C-AFC3-4880-9000-4F10B6E4A9DF}.Debug|Any CPU.Build.0 = Debug|Any CPU
		{7C3B429C-AFC3-4880-9000-4F10B6E4A9DF}.Release|Any CPU.ActiveCfg = Release|Any CPU
		{7C3B429C-AFC3-4880-9000-4F10B6E4A9DF}.Release|Any CPU.Build.0 = Release|Any CPU
	EndGlobalSection
	GlobalSection(SolutionProperties) = preSolution
		HideSolutionNode = FALSE
	EndGlobalSection
EndGlobal
